
Microsoft Visual Studio Solution File, Format Version 12.00
# Visual Studio Version 16
VisualStudioVersion = 16.0.30907.101
MinimumVisualStudioVersion = 10.0.40219.1
Project("{FAE04EC0-301F-11D3-BF4B-00C04F79EFBC}") = "AutoInsuranceQuoteWebApp", "AutoQuotesWebApp\AutoInsuranceQuoteWebApp.csproj", "{3BF1689A-98AD-4CBF-8480-0D73FA719ACC}"
EndProject
Global
	GlobalSection(SolutionConfigurationPlatforms) = preSolution
		Debug|Any CPU = Debug|Any CPU
		Release|Any CPU = Release|Any CPU
	EndGlobalSection
	GlobalSection(ProjectConfigurationPlatforms) = postSolution
		{3BF1689A-98AD-4CBF-8480-0D73FA719ACC}.Debug|Any CPU.ActiveCfg = Debug|Any CPU
		{3BF1689A-98AD-4CBF-8480-0D73FA719ACC}.Debug|Any CPU.Build.0 = Debug|Any CPU
		{3BF1689A-98AD-4CBF-8480-0D73FA719ACC}.Release|Any CPU.ActiveCfg = Release|Any CPU
		{3BF1689A-98AD-4CBF-8480-0D73FA719ACC}.Release|Any CPU.Build.0 = Release|Any CPU
	EndGlobalSection
	GlobalSection(SolutionProperties) = preSolution
		HideSolutionNode = FALSE
	EndGlobalSection
	GlobalSection(ExtensibilityGlobals) = postSolution
		SolutionGuid = {B4CAD23C-E3BD-4946-BCF6-1E0662230AAD}
	EndGlobalSection
EndGlobal
